{
  "version": 4,
  "terraform_version": "1.1.9",
  "serial": 386,
  "lineage": "793775a4-04c2-b994-c71b-c3a1ba994a73",
  "outputs": {},
  "resources": [
    {
      "mode": "managed",
      "type": "aws_vpc",
      "name": "tf_vpc",
      "provider": "provider[\"registry.terraform.io/hashicorp/aws\"]",
      "instances": [
        {
          "schema_version": 1,
          "attributes": {
            "arn": "arn:aws:ec2:us-east-1:797856765181:vpc/vpc-09abef02c02678c09",
            "assign_generated_ipv6_cidr_block": false,
            "cidr_block": "192.168.0.0/16",
            "default_network_acl_id": "acl-059addeefbc20000f",
            "default_route_table_id": "rtb-0db11cff0b1248d3f",
            "default_security_group_id": "sg-0ff8817ca146c311b",
            "dhcp_options_id": "dopt-31abc44a",
            "enable_classiclink": false,
            "enable_classiclink_dns_support": false,
            "enable_dns_hostnames": true,
            "enable_dns_support": true,
            "id": "vpc-09abef02c02678c09",
            "instance_tenancy": "default",
            "ipv4_ipam_pool_id": null,
            "ipv4_netmask_length": null,
            "ipv6_association_id": "",
            "ipv6_cidr_block": "",
            "ipv6_cidr_block_network_border_group": "",
            "ipv6_ipam_pool_id": "",
            "ipv6_netmask_length": 0,
            "main_route_table_id": "rtb-0db11cff0b1248d3f",
            "owner_id": "797856765181",
            "tags": {
              "Name": "tf_vpc"
            },
            "tags_all": {
              "Name": "tf_vpc"
            }
          },
          "sensitive_attributes": [],
          "private": "eyJzY2hlbWFfdmVyc2lvbiI6IjEifQ=="
        }
      ]
    }
  ]
}
