{
  "version": 4,
  "terraform_version": "1.1.9",
  "serial": 191,
  "lineage": "793775a4-04c2-b994-c71b-c3a1ba994a73",
  "outputs": {
    "vpc_id": {
      "value": "vpc-0ceea5ea78e10c582",
      "type": "string"
    }
  },
  "resources": [
    {
      "mode": "managed",
      "type": "aws_eip",
      "name": "nat1",
      "provider": "provider[\"registry.terraform.io/hashicorp/aws\"]",
      "instances": [
        {
          "schema_version": 0,
          "attributes": {
            "address": null,
            "allocation_id": "eipalloc-046e4437276f50a28",
            "associate_with_private_ip": null,
            "association_id": "",
            "carrier_ip": "",
            "customer_owned_ip": "",
            "customer_owned_ipv4_pool": "",
            "domain": "vpc",
            "id": "eipalloc-046e4437276f50a28",
            "instance": "",
            "network_border_group": "us-east-1",
            "network_interface": "",
            "private_dns": null,
            "private_ip": "",
            "public_dns": "ec2-52-20-194-137.compute-1.amazonaws.com",
            "public_ip": "52.20.194.137",
            "public_ipv4_pool": "amazon",
            "tags": null,
            "tags_all": {},
            "timeouts": null,
            "vpc": true
          },
          "sensitive_attributes": [],
          "private": "eyJlMmJmYjczMC1lY2FhLTExZTYtOGY4OC0zNDM2M2JjN2M0YzAiOnsiZGVsZXRlIjoxODAwMDAwMDAwMDAsInJlYWQiOjkwMDAwMDAwMDAwMCwidXBkYXRlIjozMDAwMDAwMDAwMDB9fQ==",
          "dependencies": [
            "aws_internet_gateway.interner_gateway_tf",
            "aws_vpc.tf_vpc"
          ]
        }
      ]
    },
    {
      "mode": "managed",
      "type": "aws_eip",
      "name": "nat2",
      "provider": "provider[\"registry.terraform.io/hashicorp/aws\"]",
      "instances": [
        {
          "schema_version": 0,
          "attributes": {
            "address": null,
            "allocation_id": "eipalloc-0f3491e7512ab3972",
            "associate_with_private_ip": null,
            "association_id": "",
            "carrier_ip": "",
            "customer_owned_ip": "",
            "customer_owned_ipv4_pool": "",
            "domain": "vpc",
            "id": "eipalloc-0f3491e7512ab3972",
            "instance": "",
            "network_border_group": "us-east-1",
            "network_interface": "",
            "private_dns": null,
            "private_ip": "",
            "public_dns": "ec2-44-205-126-211.compute-1.amazonaws.com",
            "public_ip": "44.205.126.211",
            "public_ipv4_pool": "amazon",
            "tags": null,
            "tags_all": {},
            "timeouts": null,
            "vpc": true
          },
          "sensitive_attributes": [],
          "private": "eyJlMmJmYjczMC1lY2FhLTExZTYtOGY4OC0zNDM2M2JjN2M0YzAiOnsiZGVsZXRlIjoxODAwMDAwMDAwMDAsInJlYWQiOjkwMDAwMDAwMDAwMCwidXBkYXRlIjozMDAwMDAwMDAwMDB9fQ==",
          "dependencies": [
            "aws_internet_gateway.interner_gateway_tf",
            "aws_vpc.tf_vpc"
          ]
        }
      ]
    },
    {
      "mode": "managed",
      "type": "aws_eks_cluster",
      "name": "eks",
      "provider": "provider[\"registry.terraform.io/hashicorp/aws\"]",
      "instances": [
        {
          "schema_version": 0,
          "attributes": {
            "arn": "arn:aws:eks:us-east-1:797856765181:cluster/eks",
            "certificate_authority": [
              {
                "data": "LS0tLS1CRUdJTiBDRVJUSUZJQ0FURS0tLS0tCk1JSUM1ekNDQWMrZ0F3SUJBZ0lCQURBTkJna3Foa2lHOXcwQkFRc0ZBREFWTVJNd0VRWURWUVFERXdwcmRXSmwKY201bGRHVnpNQjRYRFRJeU1EVXhNekV6TXpBME1sb1hEVE15TURVeE1ERXpNekEwTWxvd0ZURVRNQkVHQTFVRQpBeE1LYTNWaVpYSnVaWFJsY3pDQ0FTSXdEUVlKS29aSWh2Y05BUUVCQlFBRGdnRVBBRENDQVFvQ2dnRUJBTmRVCllWeEtjQVhlNHdrcFlHT0l5NW9KSmdBNDB3UVBhUmhCSzJGSUZiVVg3ZHp3VWovaUpOY2FhdGt6UWJHczNGUXUKamx2TGFtck1ZZ0VsMThHVmtiN212Q1dqN254M0pES1VDUG1vb3dXamc4S3JocE1uc2JkOHRTczQvQ2pMVEIwaQpIUTF5dWZ3ODYxeXZldFNZNjJseGJqTG80Y1RXWTFlcTdXNFZYdHhlcHFNVE94YUtuYXMvaTZwQk55ZXpNV2pRCkExdFhXQ05TVEI5WGgyaHFmcDIycXVjWFYxd0hKbW1MeWVvWHhsRU9iWTNDMHFjZDRJWll3M2Z4ajRnYmI1bU0KS01sWlFITlQySCs5S1NEZGF2YW85bVd4YVoybnBMbmRSaGlGbmdzb2g5YkVvQlBZWUhQWDBZQTFYUkJNOGNZbgpTbmtsaytNVk5iWDZpWUVqZWQwQ0F3RUFBYU5DTUVBd0RnWURWUjBQQVFIL0JBUURBZ0trTUE4R0ExVWRFd0VCCi93UUZNQU1CQWY4d0hRWURWUjBPQkJZRUZEZGVsTHNBZm9ud0RCbEQrK3Z2dnM4NzFZNkJNQTBHQ1NxR1NJYjMKRFFFQkN3VUFBNElCQVFES3JaN2cwTmhLc2FCMStWZzRCU0hSVmRmT01VajhBdEtMRDVxY0lJa0xPa3dqNzFZeQpBdEJIM2Z0L2d4cStzd29uRFNiUDBWU3lpakp5SDlYNzg1VXFJU2x1SjA0QnRWeUVuQjJ2SHVnMlE1cEt5bFcvCkw5VXNYTlp5VHlwVG1CK2NvVk1Kd1lkQmRqRU5wSVJTdXpuaGdxdEVZU0h3MFlvYXFxUmJiM0xKVnllZnUwT1gKZTZsYWUzYUpiYXFYbGtjYmlIV0RNL1hIbkNNUEFWS3VjRFljRGNyUG9uMWxmc2ZaZ0d2MzhxcmNPVVQwamJaVgp2emdGT3ZFOFZSUXhseEtkQmpSTHAzTE1Jd2dXTXFRc1Z2VUVQb0ZVRDZOS1J6MFhKNDJBMFZjc3g4Mk9GNnlwCmFvaFhBUzArNTJmdCttbGZkZDVWelZQcjJ3SXg4U1Nudlo5aQotLS0tLUVORCBDRVJUSUZJQ0FURS0tLS0tCg=="
              }
            ],
            "created_at": "2022-05-13 13:23:54.843 +0000 UTC",
            "enabled_cluster_log_types": null,
            "encryption_config": [],
            "endpoint": "https://49853C4DEC1E119D3F9EADCE475E7BD8.gr7.us-east-1.eks.amazonaws.com",
            "id": "eks",
            "identity": [
              {
                "oidc": [
                  {
                    "issuer": "https://oidc.eks.us-east-1.amazonaws.com/id/49853C4DEC1E119D3F9EADCE475E7BD8"
                  }
                ]
              }
            ],
            "kubernetes_network_config": [
              {
                "ip_family": "ipv4",
                "service_ipv4_cidr": "10.100.0.0/16"
              }
            ],
            "name": "eks",
            "platform_version": "eks.6",
            "role_arn": "arn:aws:iam::797856765181:role/eks-cluster",
            "status": "ACTIVE",
            "tags": null,
            "tags_all": {},
            "timeouts": null,
            "version": "1.21",
            "vpc_config": [
              {
                "cluster_security_group_id": "sg-015881ca7005c5384",
                "endpoint_private_access": false,
                "endpoint_public_access": true,
                "public_access_cidrs": [
                  "0.0.0.0/0"
                ],
                "security_group_ids": null,
                "subnet_ids": [
                  "subnet-051f77b320a576a81",
                  "subnet-081e3b8db6e09a6fd",
                  "subnet-0853883bc824527b7",
                  "subnet-099702703d9a5ed48"
                ],
                "vpc_id": "vpc-0ceea5ea78e10c582"
              }
            ]
          },
          "sensitive_attributes": [],
          "private": "eyJlMmJmYjczMC1lY2FhLTExZTYtOGY4OC0zNDM2M2JjN2M0YzAiOnsiY3JlYXRlIjoxODAwMDAwMDAwMDAwLCJkZWxldGUiOjkwMDAwMDAwMDAwMCwidXBkYXRlIjozNjAwMDAwMDAwMDAwfX0=",
          "dependencies": [
            "aws_iam_role.eks_cluster",
            "aws_iam_role_policy_attachment.amazon_eks_cluster_policy",
            "aws_subnet.priv1",
            "aws_subnet.priv2",
            "aws_subnet.pub1",
            "aws_subnet.pub2",
            "aws_vpc.tf_vpc"
          ]
        }
      ]
    },
    {
      "mode": "managed",
      "type": "aws_eks_node_group",
      "name": "nodes_general_django",
      "provider": "provider[\"registry.terraform.io/hashicorp/aws\"]",
      "instances": [
        {
          "schema_version": 0,
          "attributes": {
            "ami_type": "AL2_x86_64",
            "arn": "arn:aws:eks:us-east-1:797856765181:nodegroup/eks/nodes-general_django/0ec05ed0-92f7-0bc4-e0ce-ea1ab68d5b74",
            "capacity_type": "ON_DEMAND",
            "cluster_name": "eks",
            "disk_size": 20,
            "force_update_version": false,
            "id": "eks:nodes-general_django",
            "instance_types": [
              "t2.small"
            ],
            "labels": {
              "role": "nodes-general"
            },
            "launch_template": [],
            "node_group_name": "nodes-general_django",
            "node_group_name_prefix": "",
            "node_role_arn": "arn:aws:iam::797856765181:role/eks-node-group-general",
            "release_version": "1.21.5-20220429",
            "remote_access": [],
            "resources": [
              {
                "autoscaling_groups": [
                  {
                    "name": "eks-nodes-general_django-0ec05ed0-92f7-0bc4-e0ce-ea1ab68d5b74"
                  }
                ],
                "remote_access_security_group_id": ""
              }
            ],
            "scaling_config": [
              {
                "desired_size": 2,
                "max_size": 2,
                "min_size": 2
              }
            ],
            "status": "ACTIVE",
            "subnet_ids": [
              "subnet-081e3b8db6e09a6fd",
              "subnet-0853883bc824527b7"
            ],
            "tags": null,
            "tags_all": {},
            "taint": [],
            "timeouts": null,
            "update_config": [
              {
                "max_unavailable": 1,
                "max_unavailable_percentage": 0
              }
            ],
            "version": "1.21"
          },
          "sensitive_attributes": [],
          "private": "eyJlMmJmYjczMC1lY2FhLTExZTYtOGY4OC0zNDM2M2JjN2M0YzAiOnsiY3JlYXRlIjozNjAwMDAwMDAwMDAwLCJkZWxldGUiOjM2MDAwMDAwMDAwMDAsInVwZGF0ZSI6MzYwMDAwMDAwMDAwMH19",
          "dependencies": [
            "aws_eks_cluster.eks",
            "aws_iam_role.eks_cluster",
            "aws_iam_role.nodes_general",
            "aws_iam_role_policy_attachment.amazon_ec2_container_registry_read_only",
            "aws_iam_role_policy_attachment.amazon_eks_cluster_policy",
            "aws_iam_role_policy_attachment.amazon_eks_cni_policy_general",
            "aws_iam_role_policy_attachment.amazon_eks_worker_node_policy_general",
            "aws_subnet.priv1",
            "aws_subnet.priv2",
            "aws_subnet.pub1",
            "aws_subnet.pub2",
            "aws_vpc.tf_vpc"
          ]
        }
      ]
    },
    {
      "mode": "managed",
      "type": "aws_eks_node_group",
      "name": "nodes_general_postgres",
      "provider": "provider[\"registry.terraform.io/hashicorp/aws\"]",
      "instances": [
        {
          "schema_version": 0,
          "attributes": {
            "ami_type": "AL2_x86_64",
            "arn": "arn:aws:eks:us-east-1:797856765181:nodegroup/eks/nodes-general/f8c05ed0-92fb-c4f7-352f-5eef9d73a14a",
            "capacity_type": "ON_DEMAND",
            "cluster_name": "eks",
            "disk_size": 20,
            "force_update_version": false,
            "id": "eks:nodes-general",
            "instance_types": [
              "t2.small"
            ],
            "labels": {
              "role": "nodes-general"
            },
            "launch_template": [],
            "node_group_name": "nodes-general",
            "node_group_name_prefix": "",
            "node_role_arn": "arn:aws:iam::797856765181:role/eks-node-group-general",
            "release_version": "1.21.5-20220429",
            "remote_access": [],
            "resources": [
              {
                "autoscaling_groups": [
                  {
                    "name": "eks-nodes-general-f8c05ed0-92fb-c4f7-352f-5eef9d73a14a"
                  }
                ],
                "remote_access_security_group_id": ""
              }
            ],
            "scaling_config": [
              {
                "desired_size": 1,
                "max_size": 1,
                "min_size": 1
              }
            ],
            "status": "ACTIVE",
            "subnet_ids": [
              "subnet-081e3b8db6e09a6fd",
              "subnet-0853883bc824527b7"
            ],
            "tags": null,
            "tags_all": {},
            "taint": [],
            "timeouts": null,
            "update_config": [
              {
                "max_unavailable": 1,
                "max_unavailable_percentage": 0
              }
            ],
            "version": "1.21"
          },
          "sensitive_attributes": [],
          "private": "eyJlMmJmYjczMC1lY2FhLTExZTYtOGY4OC0zNDM2M2JjN2M0YzAiOnsiY3JlYXRlIjozNjAwMDAwMDAwMDAwLCJkZWxldGUiOjM2MDAwMDAwMDAwMDAsInVwZGF0ZSI6MzYwMDAwMDAwMDAwMH19",
          "dependencies": [
            "aws_eks_cluster.eks",
            "aws_iam_role.eks_cluster",
            "aws_iam_role.nodes_general",
            "aws_iam_role_policy_attachment.amazon_ec2_container_registry_read_only",
            "aws_iam_role_policy_attachment.amazon_eks_cluster_policy",
            "aws_iam_role_policy_attachment.amazon_eks_cni_policy_general",
            "aws_iam_role_policy_attachment.amazon_eks_worker_node_policy_general",
            "aws_subnet.priv1",
            "aws_subnet.priv2",
            "aws_subnet.pub1",
            "aws_subnet.pub2",
            "aws_vpc.tf_vpc"
          ]
        }
      ]
    },
    {
      "mode": "managed",
      "type": "aws_iam_role",
      "name": "eks_cluster",
      "provider": "provider[\"registry.terraform.io/hashicorp/aws\"]",
      "instances": [
        {
          "schema_version": 0,
          "attributes": {
            "arn": "arn:aws:iam::797856765181:role/eks-cluster",
            "assume_role_policy": "{\"Version\":\"2012-10-17\",\"Statement\":[{\"Effect\":\"Allow\",\"Principal\":{\"Service\":\"eks.amazonaws.com\"},\"Action\":\"sts:AssumeRole\"}]}",
            "create_date": "2022-05-13T13:23:27Z",
            "description": "",
            "force_detach_policies": false,
            "id": "eks-cluster",
            "inline_policy": [
              {
                "name": "",
                "policy": ""
              }
            ],
            "managed_policy_arns": [],
            "max_session_duration": 3600,
            "name": "eks-cluster",
            "name_prefix": "",
            "path": "/",
            "permissions_boundary": null,
            "tags": null,
            "tags_all": {},
            "unique_id": "AROA3TQ7YCT6ZYYC4MV5P"
          },
          "sensitive_attributes": [],
          "private": "bnVsbA=="
        }
      ]
    },
    {
      "mode": "managed",
      "type": "aws_iam_role",
      "name": "nodes_general",
      "provider": "provider[\"registry.terraform.io/hashicorp/aws\"]",
      "instances": [
        {
          "schema_version": 0,
          "attributes": {
            "arn": "arn:aws:iam::797856765181:role/eks-node-group-general",
            "assume_role_policy": "{\"Version\":\"2012-10-17\",\"Statement\":[{\"Effect\":\"Allow\",\"Principal\":{\"Service\":\"ec2.amazonaws.com\"},\"Action\":\"sts:AssumeRole\"}]}",
            "create_date": "2022-05-13T13:23:27Z",
            "description": "",
            "force_detach_policies": false,
            "id": "eks-node-group-general",
            "inline_policy": [
              {
                "name": "",
                "policy": ""
              }
            ],
            "managed_policy_arns": [],
            "max_session_duration": 3600,
            "name": "eks-node-group-general",
            "name_prefix": "",
            "path": "/",
            "permissions_boundary": null,
            "tags": null,
            "tags_all": {},
            "unique_id": "AROA3TQ7YCT63G44O4TVA"
          },
          "sensitive_attributes": [],
          "private": "bnVsbA=="
        }
      ]
    },
    {
      "mode": "managed",
      "type": "aws_iam_role_policy_attachment",
      "name": "amazon_ec2_container_registry_read_only",
      "provider": "provider[\"registry.terraform.io/hashicorp/aws\"]",
      "instances": [
        {
          "schema_version": 0,
          "attributes": {
            "id": "eks-node-group-general-20220513132329446300000004",
            "policy_arn": "arn:aws:iam::aws:policy/AmazonEC2ContainerRegistryReadOnly",
            "role": "eks-node-group-general"
          },
          "sensitive_attributes": [],
          "private": "bnVsbA==",
          "dependencies": [
            "aws_iam_role.nodes_general"
          ]
        }
      ]
    },
    {
      "mode": "managed",
      "type": "aws_iam_role_policy_attachment",
      "name": "amazon_eks_cluster_policy",
      "provider": "provider[\"registry.terraform.io/hashicorp/aws\"]",
      "instances": [
        {
          "schema_version": 0,
          "attributes": {
            "id": "eks-cluster-20220513132329195800000001",
            "policy_arn": "arn:aws:iam::aws:policy/AmazonEKSClusterPolicy",
            "role": "eks-cluster"
          },
          "sensitive_attributes": [],
          "private": "bnVsbA==",
          "dependencies": [
            "aws_iam_role.eks_cluster"
          ]
        }
      ]
    },
    {
      "mode": "managed",
      "type": "aws_iam_role_policy_attachment",
      "name": "amazon_eks_cni_policy_general",
      "provider": "provider[\"registry.terraform.io/hashicorp/aws\"]",
      "instances": [
        {
          "schema_version": 0,
          "attributes": {
            "id": "eks-node-group-general-20220513132329242700000002",
            "policy_arn": "arn:aws:iam::aws:policy/AmazonEKS_CNI_Policy",
            "role": "eks-node-group-general"
          },
          "sensitive_attributes": [],
          "private": "bnVsbA==",
          "dependencies": [
            "aws_iam_role.nodes_general"
          ]
        }
      ]
    },
    {
      "mode": "managed",
      "type": "aws_iam_role_policy_attachment",
      "name": "amazon_eks_worker_node_policy_general",
      "provider": "provider[\"registry.terraform.io/hashicorp/aws\"]",
      "instances": [
        {
          "schema_version": 0,
          "attributes": {
            "id": "eks-node-group-general-20220513132329396000000003",
            "policy_arn": "arn:aws:iam::aws:policy/AmazonEKSWorkerNodePolicy",
            "role": "eks-node-group-general"
          },
          "sensitive_attributes": [],
          "private": "bnVsbA==",
          "dependencies": [
            "aws_iam_role.nodes_general"
          ]
        }
      ]
    },
    {
      "mode": "managed",
      "type": "aws_internet_gateway",
      "name": "interner_gateway_tf",
      "provider": "provider[\"registry.terraform.io/hashicorp/aws\"]",
      "instances": [
        {
          "schema_version": 0,
          "attributes": {
            "arn": "arn:aws:ec2:us-east-1:797856765181:internet-gateway/igw-03349b799a174d580",
            "id": "igw-03349b799a174d580",
            "owner_id": "797856765181",
            "tags": {
              "Name": "interner_gateway_tf"
            },
            "tags_all": {
              "Name": "interner_gateway_tf"
            },
            "vpc_id": "vpc-0ceea5ea78e10c582"
          },
          "sensitive_attributes": [],
          "private": "bnVsbA==",
          "dependencies": [
            "aws_vpc.tf_vpc"
          ]
        }
      ]
    },
    {
      "mode": "managed",
      "type": "aws_nat_gateway",
      "name": "natgw1",
      "provider": "provider[\"registry.terraform.io/hashicorp/aws\"]",
      "instances": [
        {
          "schema_version": 0,
          "attributes": {
            "allocation_id": "eipalloc-046e4437276f50a28",
            "connectivity_type": "public",
            "id": "nat-0b3f49209d168c209",
            "network_interface_id": "eni-08f0d1df7e6f0e85e",
            "private_ip": "192.168.0.191",
            "public_ip": "52.20.194.137",
            "subnet_id": "subnet-051f77b320a576a81",
            "tags": {
              "Name": "Nat 1"
            },
            "tags_all": {
              "Name": "Nat 1"
            }
          },
          "sensitive_attributes": [],
          "private": "bnVsbA==",
          "dependencies": [
            "aws_eip.nat1",
            "aws_internet_gateway.interner_gateway_tf",
            "aws_subnet.pub1",
            "aws_vpc.tf_vpc"
          ]
        }
      ]
    },
    {
      "mode": "managed",
      "type": "aws_nat_gateway",
      "name": "natgw2",
      "provider": "provider[\"registry.terraform.io/hashicorp/aws\"]",
      "instances": [
        {
          "schema_version": 0,
          "attributes": {
            "allocation_id": "eipalloc-0f3491e7512ab3972",
            "connectivity_type": "public",
            "id": "nat-04b715114ffa97a18",
            "network_interface_id": "eni-0ee14e6742c50b984",
            "private_ip": "192.168.1.106",
            "public_ip": "44.205.126.211",
            "subnet_id": "subnet-099702703d9a5ed48",
            "tags": {
              "Name": "Nat 2"
            },
            "tags_all": {
              "Name": "Nat 2"
            }
          },
          "sensitive_attributes": [],
          "private": "bnVsbA==",
          "dependencies": [
            "aws_eip.nat2",
            "aws_internet_gateway.interner_gateway_tf",
            "aws_subnet.pub2",
            "aws_vpc.tf_vpc"
          ]
        }
      ]
    },
    {
      "mode": "managed",
      "type": "aws_route_table",
      "name": "PrivRout1",
      "provider": "provider[\"registry.terraform.io/hashicorp/aws\"]",
      "instances": [
        {
          "schema_version": 0,
          "attributes": {
            "arn": "arn:aws:ec2:us-east-1:797856765181:route-table/rtb-02fae2f825a5d099b",
            "id": "rtb-02fae2f825a5d099b",
            "owner_id": "797856765181",
            "propagating_vgws": [],
            "route": [
              {
                "carrier_gateway_id": "",
                "cidr_block": "0.0.0.0/0",
                "core_network_arn": "",
                "destination_prefix_list_id": "",
                "egress_only_gateway_id": "",
                "gateway_id": "",
                "instance_id": "",
                "ipv6_cidr_block": "",
                "local_gateway_id": "",
                "nat_gateway_id": "nat-0b3f49209d168c209",
                "network_interface_id": "",
                "transit_gateway_id": "",
                "vpc_endpoint_id": "",
                "vpc_peering_connection_id": ""
              }
            ],
            "tags": {
              "Name": "PrivateRouterTable1"
            },
            "tags_all": {
              "Name": "PrivateRouterTable1"
            },
            "timeouts": null,
            "vpc_id": "vpc-0ceea5ea78e10c582"
          },
          "sensitive_attributes": [],
          "private": "eyJlMmJmYjczMC1lY2FhLTExZTYtOGY4OC0zNDM2M2JjN2M0YzAiOnsiY3JlYXRlIjozMDAwMDAwMDAwMDAsImRlbGV0ZSI6MzAwMDAwMDAwMDAwLCJ1cGRhdGUiOjEyMDAwMDAwMDAwMH19",
          "dependencies": [
            "aws_eip.nat1",
            "aws_internet_gateway.interner_gateway_tf",
            "aws_nat_gateway.natgw1",
            "aws_subnet.pub1",
            "aws_vpc.tf_vpc"
          ]
        }
      ]
    },
    {
      "mode": "managed",
      "type": "aws_route_table",
      "name": "PrivRout2",
      "provider": "provider[\"registry.terraform.io/hashicorp/aws\"]",
      "instances": [
        {
          "schema_version": 0,
          "attributes": {
            "arn": "arn:aws:ec2:us-east-1:797856765181:route-table/rtb-0005adc948d9f5f00",
            "id": "rtb-0005adc948d9f5f00",
            "owner_id": "797856765181",
            "propagating_vgws": [],
            "route": [
              {
                "carrier_gateway_id": "",
                "cidr_block": "0.0.0.0/0",
                "core_network_arn": "",
                "destination_prefix_list_id": "",
                "egress_only_gateway_id": "",
                "gateway_id": "",
                "instance_id": "",
                "ipv6_cidr_block": "",
                "local_gateway_id": "",
                "nat_gateway_id": "nat-04b715114ffa97a18",
                "network_interface_id": "",
                "transit_gateway_id": "",
                "vpc_endpoint_id": "",
                "vpc_peering_connection_id": ""
              }
            ],
            "tags": {
              "Name": "PrivateRouterTable2"
            },
            "tags_all": {
              "Name": "PrivateRouterTable2"
            },
            "timeouts": null,
            "vpc_id": "vpc-0ceea5ea78e10c582"
          },
          "sensitive_attributes": [],
          "private": "eyJlMmJmYjczMC1lY2FhLTExZTYtOGY4OC0zNDM2M2JjN2M0YzAiOnsiY3JlYXRlIjozMDAwMDAwMDAwMDAsImRlbGV0ZSI6MzAwMDAwMDAwMDAwLCJ1cGRhdGUiOjEyMDAwMDAwMDAwMH19",
          "dependencies": [
            "aws_eip.nat2",
            "aws_internet_gateway.interner_gateway_tf",
            "aws_nat_gateway.natgw2",
            "aws_subnet.pub2",
            "aws_vpc.tf_vpc"
          ]
        }
      ]
    },
    {
      "mode": "managed",
      "type": "aws_route_table",
      "name": "PubRout",
      "provider": "provider[\"registry.terraform.io/hashicorp/aws\"]",
      "instances": [
        {
          "schema_version": 0,
          "attributes": {
            "arn": "arn:aws:ec2:us-east-1:797856765181:route-table/rtb-07ec704f692c5ea62",
            "id": "rtb-07ec704f692c5ea62",
            "owner_id": "797856765181",
            "propagating_vgws": [],
            "route": [
              {
                "carrier_gateway_id": "",
                "cidr_block": "0.0.0.0/0",
                "core_network_arn": "",
                "destination_prefix_list_id": "",
                "egress_only_gateway_id": "",
                "gateway_id": "igw-03349b799a174d580",
                "instance_id": "",
                "ipv6_cidr_block": "",
                "local_gateway_id": "",
                "nat_gateway_id": "",
                "network_interface_id": "",
                "transit_gateway_id": "",
                "vpc_endpoint_id": "",
                "vpc_peering_connection_id": ""
              }
            ],
            "tags": {
              "Name": "PublicRouterTable"
            },
            "tags_all": {
              "Name": "PublicRouterTable"
            },
            "timeouts": null,
            "vpc_id": "vpc-0ceea5ea78e10c582"
          },
          "sensitive_attributes": [],
          "private": "eyJlMmJmYjczMC1lY2FhLTExZTYtOGY4OC0zNDM2M2JjN2M0YzAiOnsiY3JlYXRlIjozMDAwMDAwMDAwMDAsImRlbGV0ZSI6MzAwMDAwMDAwMDAwLCJ1cGRhdGUiOjEyMDAwMDAwMDAwMH19",
          "dependencies": [
            "aws_internet_gateway.interner_gateway_tf",
            "aws_vpc.tf_vpc"
          ]
        }
      ]
    },
    {
      "mode": "managed",
      "type": "aws_route_table_association",
      "name": "PrivRouteTableAssociation1",
      "provider": "provider[\"registry.terraform.io/hashicorp/aws\"]",
      "instances": [
        {
          "schema_version": 0,
          "attributes": {
            "gateway_id": "",
            "id": "rtbassoc-0000fe7f25e8d2c3a",
            "route_table_id": "rtb-02fae2f825a5d099b",
            "subnet_id": "subnet-081e3b8db6e09a6fd"
          },
          "sensitive_attributes": [],
          "private": "bnVsbA==",
          "dependencies": [
            "aws_eip.nat1",
            "aws_internet_gateway.interner_gateway_tf",
            "aws_nat_gateway.natgw1",
            "aws_route_table.PrivRout1",
            "aws_subnet.priv1",
            "aws_subnet.pub1",
            "aws_vpc.tf_vpc"
          ]
        }
      ]
    },
    {
      "mode": "managed",
      "type": "aws_route_table_association",
      "name": "PrivRouteTableAssociation2",
      "provider": "provider[\"registry.terraform.io/hashicorp/aws\"]",
      "instances": [
        {
          "schema_version": 0,
          "attributes": {
            "gateway_id": "",
            "id": "rtbassoc-01bdbc295c0aeb006",
            "route_table_id": "rtb-0005adc948d9f5f00",
            "subnet_id": "subnet-0853883bc824527b7"
          },
          "sensitive_attributes": [],
          "private": "bnVsbA==",
          "dependencies": [
            "aws_eip.nat2",
            "aws_internet_gateway.interner_gateway_tf",
            "aws_nat_gateway.natgw2",
            "aws_route_table.PrivRout2",
            "aws_subnet.priv2",
            "aws_subnet.pub2",
            "aws_vpc.tf_vpc"
          ]
        }
      ]
    },
    {
      "mode": "managed",
      "type": "aws_route_table_association",
      "name": "PubRouteTableAssociation1",
      "provider": "provider[\"registry.terraform.io/hashicorp/aws\"]",
      "instances": [
        {
          "schema_version": 0,
          "attributes": {
            "gateway_id": "",
            "id": "rtbassoc-023a647e140230fe7",
            "route_table_id": "rtb-07ec704f692c5ea62",
            "subnet_id": "subnet-051f77b320a576a81"
          },
          "sensitive_attributes": [],
          "private": "bnVsbA==",
          "dependencies": [
            "aws_internet_gateway.interner_gateway_tf",
            "aws_route_table.PubRout",
            "aws_subnet.pub1",
            "aws_vpc.tf_vpc"
          ]
        }
      ]
    },
    {
      "mode": "managed",
      "type": "aws_route_table_association",
      "name": "PubRouteTableAssociation2",
      "provider": "provider[\"registry.terraform.io/hashicorp/aws\"]",
      "instances": [
        {
          "schema_version": 0,
          "attributes": {
            "gateway_id": "",
            "id": "rtbassoc-03345680a84fad7cc",
            "route_table_id": "rtb-07ec704f692c5ea62",
            "subnet_id": "subnet-099702703d9a5ed48"
          },
          "sensitive_attributes": [],
          "private": "bnVsbA==",
          "dependencies": [
            "aws_internet_gateway.interner_gateway_tf",
            "aws_route_table.PubRout",
            "aws_subnet.pub2",
            "aws_vpc.tf_vpc"
          ]
        }
      ]
    },
    {
      "mode": "managed",
      "type": "aws_subnet",
      "name": "priv1",
      "provider": "provider[\"registry.terraform.io/hashicorp/aws\"]",
      "instances": [
        {
          "schema_version": 1,
          "attributes": {
            "arn": "arn:aws:ec2:us-east-1:797856765181:subnet/subnet-081e3b8db6e09a6fd",
            "assign_ipv6_address_on_creation": false,
            "availability_zone": "us-east-1a",
            "availability_zone_id": "use1-az4",
            "cidr_block": "192.168.2.0/24",
            "customer_owned_ipv4_pool": "",
            "enable_dns64": false,
            "enable_resource_name_dns_a_record_on_launch": false,
            "enable_resource_name_dns_aaaa_record_on_launch": false,
            "id": "subnet-081e3b8db6e09a6fd",
            "ipv6_cidr_block": "",
            "ipv6_cidr_block_association_id": "",
            "ipv6_native": false,
            "map_customer_owned_ip_on_launch": false,
            "map_public_ip_on_launch": true,
            "outpost_arn": "",
            "owner_id": "797856765181",
            "private_dns_hostname_type_on_launch": "ip-name",
            "tags": {
              "Name": "priv1A",
              "kubernets.io/cluster/eks": "shared",
              "kubernets.io/role/internal-elb": "1"
            },
            "tags_all": {
              "Name": "priv1A",
              "kubernets.io/cluster/eks": "shared",
              "kubernets.io/role/internal-elb": "1"
            },
            "timeouts": null,
            "vpc_id": "vpc-0ceea5ea78e10c582"
          },
          "sensitive_attributes": [],
          "private": "eyJlMmJmYjczMC1lY2FhLTExZTYtOGY4OC0zNDM2M2JjN2M0YzAiOnsiY3JlYXRlIjo2MDAwMDAwMDAwMDAsImRlbGV0ZSI6MTIwMDAwMDAwMDAwMH0sInNjaGVtYV92ZXJzaW9uIjoiMSJ9",
          "dependencies": [
            "aws_vpc.tf_vpc"
          ]
        }
      ]
    },
    {
      "mode": "managed",
      "type": "aws_subnet",
      "name": "priv2",
      "provider": "provider[\"registry.terraform.io/hashicorp/aws\"]",
      "instances": [
        {
          "schema_version": 1,
          "attributes": {
            "arn": "arn:aws:ec2:us-east-1:797856765181:subnet/subnet-0853883bc824527b7",
            "assign_ipv6_address_on_creation": false,
            "availability_zone": "us-east-1b",
            "availability_zone_id": "use1-az6",
            "cidr_block": "192.168.3.0/24",
            "customer_owned_ipv4_pool": "",
            "enable_dns64": false,
            "enable_resource_name_dns_a_record_on_launch": false,
            "enable_resource_name_dns_aaaa_record_on_launch": false,
            "id": "subnet-0853883bc824527b7",
            "ipv6_cidr_block": "",
            "ipv6_cidr_block_association_id": "",
            "ipv6_native": false,
            "map_customer_owned_ip_on_launch": false,
            "map_public_ip_on_launch": false,
            "outpost_arn": "",
            "owner_id": "797856765181",
            "private_dns_hostname_type_on_launch": "ip-name",
            "tags": {
              "Name": "priv1B",
              "kubernets.io/cluster/eks": "shared",
              "kubernets.io/role/internal-elb": "1"
            },
            "tags_all": {
              "Name": "priv1B",
              "kubernets.io/cluster/eks": "shared",
              "kubernets.io/role/internal-elb": "1"
            },
            "timeouts": null,
            "vpc_id": "vpc-0ceea5ea78e10c582"
          },
          "sensitive_attributes": [],
          "private": "eyJlMmJmYjczMC1lY2FhLTExZTYtOGY4OC0zNDM2M2JjN2M0YzAiOnsiY3JlYXRlIjo2MDAwMDAwMDAwMDAsImRlbGV0ZSI6MTIwMDAwMDAwMDAwMH0sInNjaGVtYV92ZXJzaW9uIjoiMSJ9",
          "dependencies": [
            "aws_vpc.tf_vpc"
          ]
        }
      ]
    },
    {
      "mode": "managed",
      "type": "aws_subnet",
      "name": "pub1",
      "provider": "provider[\"registry.terraform.io/hashicorp/aws\"]",
      "instances": [
        {
          "schema_version": 1,
          "attributes": {
            "arn": "arn:aws:ec2:us-east-1:797856765181:subnet/subnet-051f77b320a576a81",
            "assign_ipv6_address_on_creation": false,
            "availability_zone": "us-east-1a",
            "availability_zone_id": "use1-az4",
            "cidr_block": "192.168.0.0/24",
            "customer_owned_ipv4_pool": "",
            "enable_dns64": false,
            "enable_resource_name_dns_a_record_on_launch": false,
            "enable_resource_name_dns_aaaa_record_on_launch": false,
            "id": "subnet-051f77b320a576a81",
            "ipv6_cidr_block": "",
            "ipv6_cidr_block_association_id": "",
            "ipv6_native": false,
            "map_customer_owned_ip_on_launch": false,
            "map_public_ip_on_launch": true,
            "outpost_arn": "",
            "owner_id": "797856765181",
            "private_dns_hostname_type_on_launch": "ip-name",
            "tags": {
              "Name": "pub1A",
              "kubernets.io/cluster/eks": "shared",
              "kubernets.io/role/elb": "1"
            },
            "tags_all": {
              "Name": "pub1A",
              "kubernets.io/cluster/eks": "shared",
              "kubernets.io/role/elb": "1"
            },
            "timeouts": null,
            "vpc_id": "vpc-0ceea5ea78e10c582"
          },
          "sensitive_attributes": [],
          "private": "eyJlMmJmYjczMC1lY2FhLTExZTYtOGY4OC0zNDM2M2JjN2M0YzAiOnsiY3JlYXRlIjo2MDAwMDAwMDAwMDAsImRlbGV0ZSI6MTIwMDAwMDAwMDAwMH0sInNjaGVtYV92ZXJzaW9uIjoiMSJ9",
          "dependencies": [
            "aws_vpc.tf_vpc"
          ]
        }
      ]
    },
    {
      "mode": "managed",
      "type": "aws_subnet",
      "name": "pub2",
      "provider": "provider[\"registry.terraform.io/hashicorp/aws\"]",
      "instances": [
        {
          "schema_version": 1,
          "attributes": {
            "arn": "arn:aws:ec2:us-east-1:797856765181:subnet/subnet-099702703d9a5ed48",
            "assign_ipv6_address_on_creation": false,
            "availability_zone": "us-east-1b",
            "availability_zone_id": "use1-az6",
            "cidr_block": "192.168.1.0/24",
            "customer_owned_ipv4_pool": "",
            "enable_dns64": false,
            "enable_resource_name_dns_a_record_on_launch": false,
            "enable_resource_name_dns_aaaa_record_on_launch": false,
            "id": "subnet-099702703d9a5ed48",
            "ipv6_cidr_block": "",
            "ipv6_cidr_block_association_id": "",
            "ipv6_native": false,
            "map_customer_owned_ip_on_launch": false,
            "map_public_ip_on_launch": true,
            "outpost_arn": "",
            "owner_id": "797856765181",
            "private_dns_hostname_type_on_launch": "ip-name",
            "tags": {
              "Name": "pub1B",
              "kubernets.io/cluster/eks": "shared",
              "kubernets.io/role/elb": "1"
            },
            "tags_all": {
              "Name": "pub1B",
              "kubernets.io/cluster/eks": "shared",
              "kubernets.io/role/elb": "1"
            },
            "timeouts": null,
            "vpc_id": "vpc-0ceea5ea78e10c582"
          },
          "sensitive_attributes": [],
          "private": "eyJlMmJmYjczMC1lY2FhLTExZTYtOGY4OC0zNDM2M2JjN2M0YzAiOnsiY3JlYXRlIjo2MDAwMDAwMDAwMDAsImRlbGV0ZSI6MTIwMDAwMDAwMDAwMH0sInNjaGVtYV92ZXJzaW9uIjoiMSJ9",
          "dependencies": [
            "aws_vpc.tf_vpc"
          ]
        }
      ]
    },
    {
      "mode": "managed",
      "type": "aws_vpc",
      "name": "tf_vpc",
      "provider": "provider[\"registry.terraform.io/hashicorp/aws\"]",
      "instances": [
        {
          "schema_version": 1,
          "attributes": {
            "arn": "arn:aws:ec2:us-east-1:797856765181:vpc/vpc-0ceea5ea78e10c582",
            "assign_generated_ipv6_cidr_block": false,
            "cidr_block": "192.168.0.0/16",
            "default_network_acl_id": "acl-02fc1243ec69ef984",
            "default_route_table_id": "rtb-0d36ba4de7b1746cb",
            "default_security_group_id": "sg-064a0b3946e15af1d",
            "dhcp_options_id": "dopt-31abc44a",
            "enable_classiclink": false,
            "enable_classiclink_dns_support": false,
            "enable_dns_hostnames": true,
            "enable_dns_support": true,
            "id": "vpc-0ceea5ea78e10c582",
            "instance_tenancy": "default",
            "ipv4_ipam_pool_id": null,
            "ipv4_netmask_length": null,
            "ipv6_association_id": "",
            "ipv6_cidr_block": "",
            "ipv6_cidr_block_network_border_group": "",
            "ipv6_ipam_pool_id": "",
            "ipv6_netmask_length": 0,
            "main_route_table_id": "rtb-0d36ba4de7b1746cb",
            "owner_id": "797856765181",
            "tags": {
              "Name": "tf_vpc"
            },
            "tags_all": {
              "Name": "tf_vpc"
            }
          },
          "sensitive_attributes": [],
          "private": "eyJzY2hlbWFfdmVyc2lvbiI6IjEifQ=="
        }
      ]
    }
  ]
}
